
Microsoft Visual Studio Solution File, Format Version 12.00
# Visual Studio Version 16
VisualStudioVersion = 16.0.30114.105
MinimumVisualStudioVersion = 10.0.40219.1
Project("{FAE04EC0-301F-11D3-BF4B-00C04F79EFBC}") = "ConsoleUI", "ConsoleUI\ConsoleUI.csproj", "{C554170D-B244-4A45-A396-AD68183F0F3C}"
EndProject
Project("{FAE04EC0-301F-11D3-BF4B-00C04F79EFBC}") = "CS_DesignPatterns.ClassLib", "CS_DesignPatterns.ClassLib\CS_DesignPatterns.ClassLib.csproj", "{071F8CDB-6481-4649-9A6A-7A06B941793F}"
EndProject
Project("{FAE04EC0-301F-11D3-BF4B-00C04F79EFBC}") = "PracticeDesignPatterns.ClassLib", "PracticeDesignPatterns.ClassLib\PracticeDesignPatterns.ClassLib.csproj", "{CAFAEE38-9A6C-483A-8001-D1B547747709}"
EndProject
Global
	GlobalSection(SolutionConfigurationPlatforms) = preSolution
		Debug|Any CPU = Debug|Any CPU
		Debug|x64 = Debug|x64
		Debug|x86 = Debug|x86
		Release|Any CPU = Release|Any CPU
		Release|x64 = Release|x64
		Release|x86 = Release|x86
	EndGlobalSection
	GlobalSection(SolutionProperties) = preSolution
		HideSolutionNode = FALSE
	EndGlobalSection
	GlobalSection(ProjectConfigurationPlatforms) = postSolution
		{C554170D-B244-4A45-A396-AD68183F0F3C}.Debug|Any CPU.ActiveCfg = Debug|Any CPU
		{C554170D-B244-4A45-A396-AD68183F0F3C}.Debug|Any CPU.Build.0 = Debug|Any CPU
		{C554170D-B244-4A45-A396-AD68183F0F3C}.Debug|x64.ActiveCfg = Debug|Any CPU
		{C554170D-B244-4A45-A396-AD68183F0F3C}.Debug|x64.Build.0 = Debug|Any CPU
		{C554170D-B244-4A45-A396-AD68183F0F3C}.Debug|x86.ActiveCfg = Debug|Any CPU
		{C554170D-B244-4A45-A396-AD68183F0F3C}.Debug|x86.Build.0 = Debug|Any CPU
		{C554170D-B244-4A45-A396-AD68183F0F3C}.Release|Any CPU.ActiveCfg = Release|Any CPU
		{C554170D-B244-4A45-A396-AD68183F0F3C}.Release|Any CPU.Build.0 = Release|Any CPU
		{C554170D-B244-4A45-A396-AD68183F0F3C}.Release|x64.ActiveCfg = Release|Any CPU
		{C554170D-B244-4A45-A396-AD68183F0F3C}.Release|x64.Build.0 = Release|Any CPU
		{C554170D-B244-4A45-A396-AD68183F0F3C}.Release|x86.ActiveCfg = Release|Any CPU
		{C554170D-B244-4A45-A396-AD68183F0F3C}.Release|x86.Build.0 = Release|Any CPU
		{071F8CDB-6481-4649-9A6A-7A06B941793F}.Debug|Any CPU.ActiveCfg = Debug|Any CPU
		{071F8CDB-6481-4649-9A6A-7A06B941793F}.Debug|Any CPU.Build.0 = Debug|Any CPU
		{071F8CDB-6481-4649-9A6A-7A06B941793F}.Debug|x64.ActiveCfg = Debug|Any CPU
		{071F8CDB-6481-4649-9A6A-7A06B941793F}.Debug|x64.Build.0 = Debug|Any CPU
		{071F8CDB-6481-4649-9A6A-7A06B941793F}.Debug|x86.ActiveCfg = Debug|Any CPU
		{071F8CDB-6481-4649-9A6A-7A06B941793F}.Debug|x86.Build.0 = Debug|Any CPU
		{071F8CDB-6481-4649-9A6A-7A06B941793F}.Release|Any CPU.ActiveCfg = Release|Any CPU
		{071F8CDB-6481-4649-9A6A-7A06B941793F}.Release|Any CPU.Build.0 = Release|Any CPU
		{071F8CDB-6481-4649-9A6A-7A06B941793F}.Release|x64.ActiveCfg = Release|Any CPU
		{071F8CDB-6481-4649-9A6A-7A06B941793F}.Release|x64.Build.0 = Release|Any CPU
		{071F8CDB-6481-4649-9A6A-7A06B941793F}.Release|x86.ActiveCfg = Release|Any CPU
		{071F8CDB-6481-4649-9A6A-7A06B941793F}.Release|x86.Build.0 = Release|Any CPU
		{CAFAEE38-9A6C-483A-8001-D1B547747709}.Debug|Any CPU.ActiveCfg = Debug|Any CPU
		{CAFAEE38-9A6C-483A-8001-D1B547747709}.Debug|Any CPU.Build.0 = Debug|Any CPU
		{CAFAEE38-9A6C-483A-8001-D1B547747709}.Debug|x64.ActiveCfg = Debug|Any CPU
		{CAFAEE38-9A6C-483A-8001-D1B547747709}.Debug|x64.Build.0 = Debug|Any CPU
		{CAFAEE38-9A6C-483A-8001-D1B547747709}.Debug|x86.ActiveCfg = Debug|Any CPU
		{CAFAEE38-9A6C-483A-8001-D1B547747709}.Debug|x86.Build.0 = Debug|Any CPU
		{CAFAEE38-9A6C-483A-8001-D1B547747709}.Release|Any CPU.ActiveCfg = Release|Any CPU
		{CAFAEE38-9A6C-483A-8001-D1B547747709}.Release|Any CPU.Build.0 = Release|Any CPU
		{CAFAEE38-9A6C-483A-8001-D1B547747709}.Release|x64.ActiveCfg = Release|Any CPU
		{CAFAEE38-9A6C-483A-8001-D1B547747709}.Release|x64.Build.0 = Release|Any CPU
		{CAFAEE38-9A6C-483A-8001-D1B547747709}.Release|x86.ActiveCfg = Release|Any CPU
		{CAFAEE38-9A6C-483A-8001-D1B547747709}.Release|x86.Build.0 = Release|Any CPU
	EndGlobalSection
EndGlobal
